// !$*UTF8*$!
{
	archiveVersion = 1;
	classes = {
	};
	objectVersion = 50;
	objects = {

/* Begin PBXBuildFile section */
		AB94E5092232E23500F402C4 /* Lerp.swift in Sources */ = {isa = PBXBuildFile; fileRef = AB94E5082232E23500F402C4 /* Lerp.swift */; };
		ABB5DF82222DC017009D4058 /* AppDelegate.swift in Sources */ = {isa = PBXBuildFile; fileRef = ABB5DF81222DC017009D4058 /* AppDelegate.swift */; };
		ABB5DF84222DC017009D4058 /* art.scnassets in Resources */ = {isa = PBXBuildFile; fileRef = ABB5DF83222DC017009D4058 /* art.scnassets */; };
		ABB5DF86222DC017009D4058 /* ViewController.swift in Sources */ = {isa = PBXBuildFile; fileRef = ABB5DF85222DC017009D4058 /* ViewController.swift */; };
		ABB5DF89222DC017009D4058 /* Main.storyboard in Resources */ = {isa = PBXBuildFile; fileRef = ABB5DF87222DC017009D4058 /* Main.storyboard */; };
		ABB5DF8B222DC019009D4058 /* Assets.xcassets in Resources */ = {isa = PBXBuildFile; fileRef = ABB5DF8A222DC019009D4058 /* Assets.xcassets */; };
		ABB5DF8E222DC019009D4058 /* LaunchScreen.storyboard in Resources */ = {isa = PBXBuildFile; fileRef = ABB5DF8C222DC019009D4058 /* LaunchScreen.storyboard */; };
		ABB5DF9F222DC054009D4058 /* Event.swift in Sources */ = {isa = PBXBuildFile; fileRef = ABB5DF96222DC054009D4058 /* Event.swift */; };
		ABB5DFA0222DC054009D4058 /* Story.swift in Sources */ = {isa = PBXBuildFile; fileRef = ABB5DF99222DC054009D4058 /* Story.swift */; };
		ABB5DFA1222DC054009D4058 /* Location.swift in Sources */ = {isa = PBXBuildFile; fileRef = ABB5DF9B222DC054009D4058 /* Location.swift */; };
		ABB5DFA2222DC054009D4058 /* LocationUtils.swift in Sources */ = {isa = PBXBuildFile; fileRef = ABB5DF9C222DC054009D4058 /* LocationUtils.swift */; };
		ABB5DFA3222DC054009D4058 /* LidarLocation.swift in Sources */ = {isa = PBXBuildFile; fileRef = ABB5DF9D222DC054009D4058 /* LidarLocation.swift */; };
		ABB5DFA4222DC054009D4058 /* BaseLocation.swift in Sources */ = {isa = PBXBuildFile; fileRef = ABB5DF9E222DC054009D4058 /* BaseLocation.swift */; };
/* End PBXBuildFile section */

/* Begin PBXFileReference section */
		AB94E5082232E23500F402C4 /* Lerp.swift */ = {isa = PBXFileReference; fileEncoding = 4; lastKnownFileType = sourcecode.swift; path = Lerp.swift; sourceTree = "<group>"; };
		ABB5DF7E222DC017009D4058 /* TemporalShift.app */ = {isa = PBXFileReference; explicitFileType = wrapper.application; includeInIndex = 0; path = TemporalShift.app; sourceTree = BUILT_PRODUCTS_DIR; };
		ABB5DF81222DC017009D4058 /* AppDelegate.swift */ = {isa = PBXFileReference; lastKnownFileType = sourcecode.swift; path = AppDelegate.swift; sourceTree = "<group>"; };
		ABB5DF83222DC017009D4058 /* art.scnassets */ = {isa = PBXFileReference; lastKnownFileType = wrapper.scnassets; path = art.scnassets; sourceTree = "<group>"; };
		ABB5DF85222DC017009D4058 /* ViewController.swift */ = {isa = PBXFileReference; lastKnownFileType = sourcecode.swift; path = ViewController.swift; sourceTree = "<group>"; };
		ABB5DF88222DC017009D4058 /* Base */ = {isa = PBXFileReference; lastKnownFileType = file.storyboard; name = Base; path = Base.lproj/Main.storyboard; sourceTree = "<group>"; };
		ABB5DF8A222DC019009D4058 /* Assets.xcassets */ = {isa = PBXFileReference; lastKnownFileType = folder.assetcatalog; path = Assets.xcassets; sourceTree = "<group>"; };
		ABB5DF8D222DC019009D4058 /* Base */ = {isa = PBXFileReference; lastKnownFileType = file.storyboard; name = Base; path = Base.lproj/LaunchScreen.storyboard; sourceTree = "<group>"; };
		ABB5DF8F222DC019009D4058 /* Info.plist */ = {isa = PBXFileReference; lastKnownFileType = text.plist.xml; path = Info.plist; sourceTree = "<group>"; };
		ABB5DF96222DC054009D4058 /* Event.swift */ = {isa = PBXFileReference; fileEncoding = 4; lastKnownFileType = sourcecode.swift; path = Event.swift; sourceTree = "<group>"; };
		ABB5DF99222DC054009D4058 /* Story.swift */ = {isa = PBXFileReference; fileEncoding = 4; lastKnownFileType = sourcecode.swift; path = Story.swift; sourceTree = "<group>"; };
		ABB5DF9B222DC054009D4058 /* Location.swift */ = {isa = PBXFileReference; fileEncoding = 4; lastKnownFileType = sourcecode.swift; path = Location.swift; sourceTree = "<group>"; };
		ABB5DF9C222DC054009D4058 /* LocationUtils.swift */ = {isa = PBXFileReference; fileEncoding = 4; lastKnownFileType = sourcecode.swift; path = LocationUtils.swift; sourceTree = "<group>"; };
		ABB5DF9D222DC054009D4058 /* LidarLocation.swift */ = {isa = PBXFileReference; fileEncoding = 4; lastKnownFileType = sourcecode.swift; path = LidarLocation.swift; sourceTree = "<group>"; };
		ABB5DF9E222DC054009D4058 /* BaseLocation.swift */ = {isa = PBXFileReference; fileEncoding = 4; lastKnownFileType = sourcecode.swift; path = BaseLocation.swift; sourceTree = "<group>"; };
/* End PBXFileReference section */

/* Begin PBXFrameworksBuildPhase section */
		ABB5DF7B222DC017009D4058 /* Frameworks */ = {
			isa = PBXFrameworksBuildPhase;
			buildActionMask = 2147483647;
			files = (
			);
			runOnlyForDeploymentPostprocessing = 0;
		};
/* End PBXFrameworksBuildPhase section */

/* Begin PBXGroup section */
		AB94E5072232E22700F402C4 /* util */ = {
			isa = PBXGroup;
			children = (
				AB94E5082232E23500F402C4 /* Lerp.swift */,
			);
			path = util;
			sourceTree = "<group>";
		};
		ABB5DF75222DC017009D4058 = {
			isa = PBXGroup;
			children = (
				ABB5DF80222DC017009D4058 /* TemporalShift */,
				ABB5DF7F222DC017009D4058 /* Products */,
			);
			sourceTree = "<group>";
		};
		ABB5DF7F222DC017009D4058 /* Products */ = {
			isa = PBXGroup;
			children = (
				ABB5DF7E222DC017009D4058 /* TemporalShift.app */,
			);
			name = Products;
			sourceTree = "<group>";
		};
		ABB5DF80222DC017009D4058 /* TemporalShift */ = {
			isa = PBXGroup;
			children = (
				AB94E5072232E22700F402C4 /* util */,
				ABB5DF9A222DC054009D4058 /* locations */,
				ABB5DF95222DC054009D4058 /* model */,
				ABB5DF98222DC054009D4058 /* story */,
				ABB5DF97222DC054009D4058 /* ui */,
				ABB5DF81222DC017009D4058 /* AppDelegate.swift */,
				ABB5DF83222DC017009D4058 /* art.scnassets */,
				ABB5DF85222DC017009D4058 /* ViewController.swift */,
				ABB5DF87222DC017009D4058 /* Main.storyboard */,
				ABB5DF8A222DC019009D4058 /* Assets.xcassets */,
				ABB5DF8C222DC019009D4058 /* LaunchScreen.storyboard */,
				ABB5DF8F222DC019009D4058 /* Info.plist */,
			);
			path = TemporalShift;
			sourceTree = "<group>";
		};
		ABB5DF95222DC054009D4058 /* model */ = {
			isa = PBXGroup;
			children = (
				ABB5DF96222DC054009D4058 /* Event.swift */,
			);
			path = model;
			sourceTree = "<group>";
		};
		ABB5DF97222DC054009D4058 /* ui */ = {
			isa = PBXGroup;
			children = (
			);
			path = ui;
			sourceTree = "<group>";
		};
		ABB5DF98222DC054009D4058 /* story */ = {
			isa = PBXGroup;
			children = (
				ABB5DF99222DC054009D4058 /* Story.swift */,
			);
			path = story;
			sourceTree = "<group>";
		};
		ABB5DF9A222DC054009D4058 /* locations */ = {
			isa = PBXGroup;
			children = (
				ABB5DF9B222DC054009D4058 /* Location.swift */,
				ABB5DF9C222DC054009D4058 /* LocationUtils.swift */,
				ABB5DF9D222DC054009D4058 /* LidarLocation.swift */,
				ABB5DF9E222DC054009D4058 /* BaseLocation.swift */,
			);
			path = locations;
			sourceTree = "<group>";
		};
/* End PBXGroup section */

/* Begin PBXNativeTarget section */
		ABB5DF7D222DC017009D4058 /* TemporalShift */ = {
			isa = PBXNativeTarget;
			buildConfigurationList = ABB5DF92222DC019009D4058 /* Build configuration list for PBXNativeTarget "TemporalShift" */;
			buildPhases = (
				ABB5DF7A222DC017009D4058 /* Sources */,
				ABB5DF7B222DC017009D4058 /* Frameworks */,
				ABB5DF7C222DC017009D4058 /* Resources */,
			);
			buildRules = (
			);
			dependencies = (
			);
			name = TemporalShift;
			productName = TemporalShift;
			productReference = ABB5DF7E222DC017009D4058 /* TemporalShift.app */;
			productType = "com.apple.product-type.application";
		};
/* End PBXNativeTarget section */

/* Begin PBXProject section */
		ABB5DF76222DC017009D4058 /* Project object */ = {
			isa = PBXProject;
			attributes = {
				LastSwiftUpdateCheck = 1010;
				LastUpgradeCheck = 1010;
				ORGANIZATIONNAME = "Florian Bruggisser";
				TargetAttributes = {
					ABB5DF7D222DC017009D4058 = {
						CreatedOnToolsVersion = 10.1;
					};
				};
			};
			buildConfigurationList = ABB5DF79222DC017009D4058 /* Build configuration list for PBXProject "TemporalShift" */;
			compatibilityVersion = "Xcode 9.3";
			developmentRegion = en;
			hasScannedForEncodings = 0;
			knownRegions = (
				en,
				Base,
			);
			mainGroup = ABB5DF75222DC017009D4058;
			productRefGroup = ABB5DF7F222DC017009D4058 /* Products */;
			projectDirPath = "";
			projectRoot = "";
			targets = (
				ABB5DF7D222DC017009D4058 /* TemporalShift */,
			);
		};
/* End PBXProject section */

/* Begin PBXResourcesBuildPhase section */
		ABB5DF7C222DC017009D4058 /* Resources */ = {
			isa = PBXResourcesBuildPhase;
			buildActionMask = 2147483647;
			files = (
				ABB5DF84222DC017009D4058 /* art.scnassets in Resources */,
				ABB5DF8E222DC019009D4058 /* LaunchScreen.storyboard in Resources */,
				ABB5DF8B222DC019009D4058 /* Assets.xcassets in Resources */,
				ABB5DF89222DC017009D4058 /* Main.storyboard in Resources */,
			);
			runOnlyForDeploymentPostprocessing = 0;
		};
/* End PBXResourcesBuildPhase section */

/* Begin PBXSourcesBuildPhase section */
		ABB5DF7A222DC017009D4058 /* Sources */ = {
			isa = PBXSourcesBuildPhase;
			buildActionMask = 2147483647;
			files = (
				ABB5DFA3222DC054009D4058 /* LidarLocation.swift in Sources */,
				ABB5DFA4222DC054009D4058 /* BaseLocation.swift in Sources */,
				AB94E5092232E23500F402C4 /* Lerp.swift in Sources */,
				ABB5DFA2222DC054009D4058 /* LocationUtils.swift in Sources */,
				ABB5DF86222DC017009D4058 /* ViewController.swift in Sources */,
				ABB5DF9F222DC054009D4058 /* Event.swift in Sources */,
				ABB5DFA1222DC054009D4058 /* Location.swift in Sources */,
				ABB5DF82222DC017009D4058 /* AppDelegate.swift in Sources */,
				ABB5DFA0222DC054009D4058 /* Story.swift in Sources */,
			);
			runOnlyForDeploymentPostprocessing = 0;
		};
/* End PBXSourcesBuildPhase section */

/* Begin PBXVariantGroup section */
		ABB5DF87222DC017009D4058 /* Main.storyboard */ = {
			isa = PBXVariantGroup;
			children = (
				ABB5DF88222DC017009D4058 /* Base */,
			);
			name = Main.storyboard;
			sourceTree = "<group>";
		};
		ABB5DF8C222DC019009D4058 /* LaunchScreen.storyboard */ = {
			isa = PBXVariantGroup;
			children = (
				ABB5DF8D222DC019009D4058 /* Base */,
			);
			name = LaunchScreen.storyboard;
			sourceTree = "<group>";
		};
/* End PBXVariantGroup section */

/* Begin XCBuildConfiguration section */
		ABB5DF90222DC019009D4058 /* Debug */ = {
			isa = XCBuildConfiguration;
			buildSettings = {
				ALWAYS_SEARCH_USER_PATHS = NO;
				CLANG_ANALYZER_NONNULL = YES;
				CLANG_ANALYZER_NUMBER_OBJECT_CONVERSION = YES_AGGRESSIVE;
				CLANG_CXX_LANGUAGE_STANDARD = "gnu++14";
				CLANG_CXX_LIBRARY = "libc++";
				CLANG_ENABLE_MODULES = YES;
				CLANG_ENABLE_OBJC_ARC = YES;
				CLANG_ENABLE_OBJC_WEAK = YES;
				CLANG_WARN_BLOCK_CAPTURE_AUTORELEASING = YES;
				CLANG_WARN_BOOL_CONVERSION = YES;
				CLANG_WARN_COMMA = YES;
				CLANG_WARN_CONSTANT_CONVERSION = YES;
				CLANG_WARN_DEPRECATED_OBJC_IMPLEMENTATIONS = YES;
				CLANG_WARN_DIRECT_OBJC_ISA_USAGE = YES_ERROR;
				CLANG_WARN_DOCUMENTATION_COMMENTS = YES;
				CLANG_WARN_EMPTY_BODY = YES;
				CLANG_WARN_ENUM_CONVERSION = YES;
				CLANG_WARN_INFINITE_RECURSION = YES;
				CLANG_WARN_INT_CONVERSION = YES;
				CLANG_WARN_NON_LITERAL_NULL_CONVERSION = YES;
				CLANG_WARN_OBJC_IMPLICIT_RETAIN_SELF = YES;
				CLANG_WARN_OBJC_LITERAL_CONVERSION = YES;
				CLANG_WARN_OBJC_ROOT_CLASS = YES_ERROR;
				CLANG_WARN_RANGE_LOOP_ANALYSIS = YES;
				CLANG_WARN_STRICT_PROTOTYPES = YES;
				CLANG_WARN_SUSPICIOUS_MOVE = YES;
				CLANG_WARN_UNGUARDED_AVAILABILITY = YES_AGGRESSIVE;
				CLANG_WARN_UNREACHABLE_CODE = YES;
				CLANG_WARN__DUPLICATE_METHOD_MATCH = YES;
				CODE_SIGN_IDENTITY = "iPhone Developer";
				COPY_PHASE_STRIP = NO;
				DEBUG_INFORMATION_FORMAT = dwarf;
				ENABLE_STRICT_OBJC_MSGSEND = YES;
				ENABLE_TESTABILITY = YES;
				GCC_C_LANGUAGE_STANDARD = gnu11;
				GCC_DYNAMIC_NO_PIC = NO;
				GCC_NO_COMMON_BLOCKS = YES;
				GCC_OPTIMIZATION_LEVEL = 0;
				GCC_PREPROCESSOR_DEFINITIONS = (
					"DEBUG=1",
					"$(inherited)",
				);
				GCC_WARN_64_TO_32_BIT_CONVERSION = YES;
				GCC_WARN_ABOUT_RETURN_TYPE = YES_ERROR;
				GCC_WARN_UNDECLARED_SELECTOR = YES;
				GCC_WARN_UNINITIALIZED_AUTOS = YES_AGGRESSIVE;
				GCC_WARN_UNUSED_FUNCTION = YES;
				GCC_WARN_UNUSED_VARIABLE = YES;
				IPHONEOS_DEPLOYMENT_TARGET = 12.1;
				MTL_ENABLE_DEBUG_INFO = INCLUDE_SOURCE;
				MTL_FAST_MATH = YES;
				ONLY_ACTIVE_ARCH = YES;
				SDKROOT = iphoneos;
				SWIFT_ACTIVE_COMPILATION_CONDITIONS = DEBUG;
				SWIFT_OPTIMIZATION_LEVEL = "-Onone";
			};
			name = Debug;
		};
		ABB5DF91222DC019009D4058 /* Release */ = {
			isa = XCBuildConfiguration;
			buildSettings = {
				ALWAYS_SEARCH_USER_PATHS = NO;
				CLANG_ANALYZER_NONNULL = YES;
				CLANG_ANALYZER_NUMBER_OBJECT_CONVERSION = YES_AGGRESSIVE;
				CLANG_CXX_LANGUAGE_STANDARD = "gnu++14";
				CLANG_CXX_LIBRARY = "libc++";
				CLANG_ENABLE_MODULES = YES;
				CLANG_ENABLE_OBJC_ARC = YES;
				CLANG_ENABLE_OBJC_WEAK = YES;
				CLANG_WARN_BLOCK_CAPTURE_AUTORELEASING = YES;
				CLANG_WARN_BOOL_CONVERSION = YES;
				CLANG_WARN_COMMA = YES;
				CLANG_WARN_CONSTANT_CONVERSION = YES;
				CLANG_WARN_DEPRECATED_OBJC_IMPLEMENTATIONS = YES;
				CLANG_WARN_DIRECT_OBJC_ISA_USAGE = YES_ERROR;
				CLANG_WARN_DOCUMENTATION_COMMENTS = YES;
				CLANG_WARN_EMPTY_BODY = YES;
				CLANG_WARN_ENUM_CONVERSION = YES;
				CLANG_WARN_INFINITE_RECURSION = YES;
				CLANG_WARN_INT_CONVERSION = YES;
				CLANG_WARN_NON_LITERAL_NULL_CONVERSION = YES;
				CLANG_WARN_OBJC_IMPLICIT_RETAIN_SELF = YES;
				CLANG_WARN_OBJC_LITERAL_CONVERSION = YES;
				CLANG_WARN_OBJC_ROOT_CLASS = YES_ERROR;
				CLANG_WARN_RANGE_LOOP_ANALYSIS = YES;
				CLANG_WARN_STRICT_PROTOTYPES = YES;
				CLANG_WARN_SUSPICIOUS_MOVE = YES;
				CLANG_WARN_UNGUARDED_AVAILABILITY = YES_AGGRESSIVE;
				CLANG_WARN_UNREACHABLE_CODE = YES;
				CLANG_WARN__DUPLICATE_METHOD_MATCH = YES;
				CODE_SIGN_IDENTITY = "iPhone Developer";
				COPY_PHASE_STRIP = NO;
				DEBUG_INFORMATION_FORMAT = "dwarf-with-dsym";
				ENABLE_NS_ASSERTIONS = NO;
				ENABLE_STRICT_OBJC_MSGSEND = YES;
				GCC_C_LANGUAGE_STANDARD = gnu11;
				GCC_NO_COMMON_BLOCKS = YES;
				GCC_WARN_64_TO_32_BIT_CONVERSION = YES;
				GCC_WARN_ABOUT_RETURN_TYPE = YES_ERROR;
				GCC_WARN_UNDECLARED_SELECTOR = YES;
				GCC_WARN_UNINITIALIZED_AUTOS = YES_AGGRESSIVE;
				GCC_WARN_UNUSED_FUNCTION = YES;
				GCC_WARN_UNUSED_VARIABLE = YES;
				IPHONEOS_DEPLOYMENT_TARGET = 12.1;
				MTL_ENABLE_DEBUG_INFO = NO;
				MTL_FAST_MATH = YES;
				SDKROOT = iphoneos;
				SWIFT_COMPILATION_MODE = wholemodule;
				SWIFT_OPTIMIZATION_LEVEL = "-O";
				VALIDATE_PRODUCT = YES;
			};
			name = Release;
		};
		ABB5DF93222DC019009D4058 /* Debug */ = {
			isa = XCBuildConfiguration;
			buildSettings = {
				ASSETCATALOG_COMPILER_APPICON_NAME = AppIcon;
				CODE_SIGN_STYLE = Automatic;
				DEVELOPMENT_TEAM = G9K4A7PDPV;
				INFOPLIST_FILE = TemporalShift/Info.plist;
				LD_RUNPATH_SEARCH_PATHS = (
					"$(inherited)",
					"@executable_path/Frameworks",
				);
				PRODUCT_BUNDLE_IDENTIFIER = ch.bildspur.TemporalShift;
				PRODUCT_NAME = "$(TARGET_NAME)";
				SWIFT_VERSION = 4.2;
				TARGETED_DEVICE_FAMILY = "1,2";
			};
			name = Debug;
		};
		ABB5DF94222DC019009D4058 /* Release */ = {
			isa = XCBuildConfiguration;
			buildSettings = {
				ASSETCATALOG_COMPILER_APPICON_NAME = AppIcon;
				CODE_SIGN_STYLE = Automatic;
				DEVELOPMENT_TEAM = G9K4A7PDPV;
				INFOPLIST_FILE = TemporalShift/Info.plist;
				LD_RUNPATH_SEARCH_PATHS = (
					"$(inherited)",
					"@executable_path/Frameworks",
				);
				PRODUCT_BUNDLE_IDENTIFIER = ch.bildspur.TemporalShift;
				PRODUCT_NAME = "$(TARGET_NAME)";
				SWIFT_VERSION = 4.2;
				TARGETED_DEVICE_FAMILY = "1,2";
			};
			name = Release;
		};
/* End XCBuildConfiguration section */

/* Begin XCConfigurationList section */
		ABB5DF79222DC017009D4058 /* Build configuration list for PBXProject "TemporalShift" */ = {
			isa = XCConfigurationList;
			buildConfigurations = (
				ABB5DF90222DC019009D4058 /* Debug */,
				ABB5DF91222DC019009D4058 /* Release */,
			);
			defaultConfigurationIsVisible = 0;
			defaultConfigurationName = Release;
		};
		ABB5DF92222DC019009D4058 /* Build configuration list for PBXNativeTarget "TemporalShift" */ = {
			isa = XCConfigurationList;
			buildConfigurations = (
				ABB5DF93222DC019009D4058 /* Debug */,
				ABB5DF94222DC019009D4058 /* Release */,
			);
			defaultConfigurationIsVisible = 0;
			defaultConfigurationName = Release;
		};
/* End XCConfigurationList section */
	};
	rootObject = ABB5DF76222DC017009D4058 /* Project object */;
}
